
Microsoft Visual Studio Solution File, Format Version 12.00
# Visual Studio Version 16
VisualStudioVersion = 16.0.810.11
MinimumVisualStudioVersion = 10.0.40219.1
Project("{FAE04EC0-301F-11D3-BF4B-00C04F79EFBC}") = "PlugDOS", "PlugDOS\PlugDOS.csproj", "{D1B43672-8B57-40ED-89C0-823F62F1A4EA}"
EndProject
Global
	GlobalSection(SolutionConfigurationPlatforms) = preSolution
		Debug|anycpu = Debug|anycpu
		Release|anycpu = Release|anycpu
	EndGlobalSection
	GlobalSection(ProjectConfigurationPlatforms) = postSolution
		{D1B43672-8B57-40ED-89C0-823F62F1A4EA}.Debug|anycpu.ActiveCfg = Debug|anycpu
		{D1B43672-8B57-40ED-89C0-823F62F1A4EA}.Debug|anycpu.Build.0 = Debug|anycpu
		{D1B43672-8B57-40ED-89C0-823F62F1A4EA}.Release|anycpu.ActiveCfg = Release|anycpu
		{D1B43672-8B57-40ED-89C0-823F62F1A4EA}.Release|anycpu.Build.0 = Release|anycpu
	EndGlobalSection
	GlobalSection(SolutionProperties) = preSolution
		HideSolutionNode = FALSE
	EndGlobalSection
	GlobalSection(ExtensibilityGlobals) = postSolution
		SolutionGuid = {2E402488-39CF-4C53-9A56-EBDD055C029C}
	EndGlobalSection
EndGlobal
